// !$*UTF8*$!
{
	archiveVersion = 1;
	classes = {
	};
	objectVersion = 46;
	objects = {

/* Begin PBXBuildFile section */
		C8BB78E01E6BC09B000DAA56 /* Background.mp4 in Resources */ = {isa = PBXBuildFile; fileRef = C8BB78DF1E6BC09B000DAA56 /* Background.mp4 */; };
		C8BB78E21E6BC106000DAA56 /* SplashViewController.swift in Sources */ = {isa = PBXBuildFile; fileRef = C8BB78E11E6BC106000DAA56 /* SplashViewController.swift */; };
		C8BB78E61E6BC84C000DAA56 /* RecipeSearchResultsTableViewController.swift in Sources */ = {isa = PBXBuildFile; fileRef = C8BB78E51E6BC84C000DAA56 /* RecipeSearchResultsTableViewController.swift */; };
		C8BB78E81E6BC867000DAA56 /* RecipeOverviewViewController.swift in Sources */ = {isa = PBXBuildFile; fileRef = C8BB78E71E6BC867000DAA56 /* RecipeOverviewViewController.swift */; };
		C8BB78EA1E6BC87C000DAA56 /* RecipeStepsViewController.swift in Sources */ = {isa = PBXBuildFile; fileRef = C8BB78E91E6BC87C000DAA56 /* RecipeStepsViewController.swift */; };
		C8BB78EC1E6BEB27000DAA56 /* RecipeTableViewCell.swift in Sources */ = {isa = PBXBuildFile; fileRef = C8BB78EB1E6BEB27000DAA56 /* RecipeTableViewCell.swift */; };
		C8D3817F1E6BBB7D008A7454 /* AppDelegate.swift in Sources */ = {isa = PBXBuildFile; fileRef = C8D3817E1E6BBB7D008A7454 /* AppDelegate.swift */; };
		C8D381841E6BBB7D008A7454 /* Main.storyboard in Resources */ = {isa = PBXBuildFile; fileRef = C8D381821E6BBB7D008A7454 /* Main.storyboard */; };
		C8D381861E6BBB7D008A7454 /* Assets.xcassets in Resources */ = {isa = PBXBuildFile; fileRef = C8D381851E6BBB7D008A7454 /* Assets.xcassets */; };
		C8D381891E6BBB7D008A7454 /* LaunchScreen.storyboard in Resources */ = {isa = PBXBuildFile; fileRef = C8D381871E6BBB7D008A7454 /* LaunchScreen.storyboard */; };
		EA7F1B281E6BC50A000AA6FE /* RecipeSearchViewController.swift in Sources */ = {isa = PBXBuildFile; fileRef = EA7F1B271E6BC50A000AA6FE /* RecipeSearchViewController.swift */; };
		EA7F1B5F1E6BDCC5000AA6FE /* IngredientInfo.swift in Sources */ = {isa = PBXBuildFile; fileRef = EA7F1B5A1E6BDCC5000AA6FE /* IngredientInfo.swift */; };
		EA7F1B601E6BDCC5000AA6FE /* Ingredients.swift in Sources */ = {isa = PBXBuildFile; fileRef = EA7F1B5B1E6BDCC5000AA6FE /* Ingredients.swift */; };
		EA7F1B611E6BDCC5000AA6FE /* NutritionInfo.swift in Sources */ = {isa = PBXBuildFile; fileRef = EA7F1B5C1E6BDCC5000AA6FE /* NutritionInfo.swift */; };
		EA7F1B621E6BDCC5000AA6FE /* RecipePoster.swift in Sources */ = {isa = PBXBuildFile; fileRef = EA7F1B5D1E6BDCC5000AA6FE /* RecipePoster.swift */; };
		EA7F1B631E6BDCC5000AA6FE /* Recipe.swift in Sources */ = {isa = PBXBuildFile; fileRef = EA7F1B5E1E6BDCC5000AA6FE /* Recipe.swift */; };
		EA7F1B681E6BDCD6000AA6FE /* Poster.swift in Sources */ = {isa = PBXBuildFile; fileRef = EA7F1B651E6BDCD6000AA6FE /* Poster.swift */; };
		EA7F1B691E6BDCD6000AA6FE /* RecipeSearch.swift in Sources */ = {isa = PBXBuildFile; fileRef = EA7F1B661E6BDCD6000AA6FE /* RecipeSearch.swift */; };
		EA7F1B6A1E6BDCD6000AA6FE /* Results.swift in Sources */ = {isa = PBXBuildFile; fileRef = EA7F1B671E6BDCD6000AA6FE /* Results.swift */; };
		EA7F1B6C1E6BDDB4000AA6FE /* Keys.plist in Resources */ = {isa = PBXBuildFile; fileRef = EA7F1B6B1E6BDDB4000AA6FE /* Keys.plist */; };
		EAE981FE1E6C3ACC00062D35 /* SpeechToTextV1.framework in Frameworks */ = {isa = PBXBuildFile; fileRef = EAE981F91E6C3A7100062D35 /* SpeechToTextV1.framework */; };
		EAE981FF1E6C3ACD00062D35 /* SpeechToTextV1.framework in Embed Frameworks */ = {isa = PBXBuildFile; fileRef = EAE981F91E6C3A7100062D35 /* SpeechToTextV1.framework */; settings = {ATTRIBUTES = (CodeSignOnCopy, RemoveHeadersOnCopy, ); }; };
		EAE982021E6C3AF200062D35 /* RestKit.framework in Frameworks */ = {isa = PBXBuildFile; fileRef = EAE982011E6C3AF200062D35 /* RestKit.framework */; };
		EAE982031E6C3AF200062D35 /* RestKit.framework in Embed Frameworks */ = {isa = PBXBuildFile; fileRef = EAE982011E6C3AF200062D35 /* RestKit.framework */; settings = {ATTRIBUTES = (CodeSignOnCopy, RemoveHeadersOnCopy, ); }; };
		F2FB0C5D50BBBBA75EDFA56C /* Pods_SousChef.framework in Frameworks */ = {isa = PBXBuildFile; fileRef = FCBD87B8805FA586201F66B6 /* Pods_SousChef.framework */; };
/* End PBXBuildFile section */

/* Begin PBXCopyFilesBuildPhase section */
		EAE982001E6C3ACD00062D35 /* Embed Frameworks */ = {
			isa = PBXCopyFilesBuildPhase;
			buildActionMask = 2147483647;
			dstPath = "";
			dstSubfolderSpec = 10;
			files = (
				EAE981FF1E6C3ACD00062D35 /* SpeechToTextV1.framework in Embed Frameworks */,
				EAE982031E6C3AF200062D35 /* RestKit.framework in Embed Frameworks */,
			);
			name = "Embed Frameworks";
			runOnlyForDeploymentPostprocessing = 0;
		};
/* End PBXCopyFilesBuildPhase section */

/* Begin PBXFileReference section */
		8DD8BDA184422948D0A00CFB /* Pods-SousChef.release.xcconfig */ = {isa = PBXFileReference; includeInIndex = 1; lastKnownFileType = text.xcconfig; name = "Pods-SousChef.release.xcconfig"; path = "Pods/Target Support Files/Pods-SousChef/Pods-SousChef.release.xcconfig"; sourceTree = "<group>"; };
		AAA6DBB8E0BCE6706C56CD59 /* Pods-SousChef.debug.xcconfig */ = {isa = PBXFileReference; includeInIndex = 1; lastKnownFileType = text.xcconfig; name = "Pods-SousChef.debug.xcconfig"; path = "Pods/Target Support Files/Pods-SousChef/Pods-SousChef.debug.xcconfig"; sourceTree = "<group>"; };
		C8BB78DF1E6BC09B000DAA56 /* Background.mp4 */ = {isa = PBXFileReference; lastKnownFileType = file; path = Background.mp4; sourceTree = "<group>"; };
		C8BB78E11E6BC106000DAA56 /* SplashViewController.swift */ = {isa = PBXFileReference; fileEncoding = 4; lastKnownFileType = sourcecode.swift; path = SplashViewController.swift; sourceTree = "<group>"; };
		C8BB78E51E6BC84C000DAA56 /* RecipeSearchResultsTableViewController.swift */ = {isa = PBXFileReference; fileEncoding = 4; lastKnownFileType = sourcecode.swift; path = RecipeSearchResultsTableViewController.swift; sourceTree = "<group>"; };
		C8BB78E71E6BC867000DAA56 /* RecipeOverviewViewController.swift */ = {isa = PBXFileReference; fileEncoding = 4; lastKnownFileType = sourcecode.swift; path = RecipeOverviewViewController.swift; sourceTree = "<group>"; };
		C8BB78E91E6BC87C000DAA56 /* RecipeStepsViewController.swift */ = {isa = PBXFileReference; fileEncoding = 4; lastKnownFileType = sourcecode.swift; path = RecipeStepsViewController.swift; sourceTree = "<group>"; };
		C8BB78EB1E6BEB27000DAA56 /* RecipeTableViewCell.swift */ = {isa = PBXFileReference; fileEncoding = 4; lastKnownFileType = sourcecode.swift; path = RecipeTableViewCell.swift; sourceTree = "<group>"; };
		C8D3817B1E6BBB7C008A7454 /* SousChef.app */ = {isa = PBXFileReference; explicitFileType = wrapper.application; includeInIndex = 0; path = SousChef.app; sourceTree = BUILT_PRODUCTS_DIR; };
		C8D3817E1E6BBB7D008A7454 /* AppDelegate.swift */ = {isa = PBXFileReference; lastKnownFileType = sourcecode.swift; path = AppDelegate.swift; sourceTree = "<group>"; };
		C8D381831E6BBB7D008A7454 /* Base */ = {isa = PBXFileReference; lastKnownFileType = file.storyboard; name = Base; path = Base.lproj/Main.storyboard; sourceTree = "<group>"; };
		C8D381851E6BBB7D008A7454 /* Assets.xcassets */ = {isa = PBXFileReference; lastKnownFileType = folder.assetcatalog; path = Assets.xcassets; sourceTree = "<group>"; };
		C8D381881E6BBB7D008A7454 /* Base */ = {isa = PBXFileReference; lastKnownFileType = file.storyboard; name = Base; path = Base.lproj/LaunchScreen.storyboard; sourceTree = "<group>"; };
		C8D3818A1E6BBB7D008A7454 /* Info.plist */ = {isa = PBXFileReference; lastKnownFileType = text.plist.xml; path = Info.plist; sourceTree = "<group>"; };
		EA7F1B271E6BC50A000AA6FE /* RecipeSearchViewController.swift */ = {isa = PBXFileReference; fileEncoding = 4; lastKnownFileType = sourcecode.swift; path = RecipeSearchViewController.swift; sourceTree = "<group>"; };
		EA7F1B5A1E6BDCC5000AA6FE /* IngredientInfo.swift */ = {isa = PBXFileReference; fileEncoding = 4; lastKnownFileType = sourcecode.swift; name = IngredientInfo.swift; path = Recipe/IngredientInfo.swift; sourceTree = "<group>"; };
		EA7F1B5B1E6BDCC5000AA6FE /* Ingredients.swift */ = {isa = PBXFileReference; fileEncoding = 4; lastKnownFileType = sourcecode.swift; name = Ingredients.swift; path = Recipe/Ingredients.swift; sourceTree = "<group>"; };
		EA7F1B5C1E6BDCC5000AA6FE /* NutritionInfo.swift */ = {isa = PBXFileReference; fileEncoding = 4; lastKnownFileType = sourcecode.swift; name = NutritionInfo.swift; path = Recipe/NutritionInfo.swift; sourceTree = "<group>"; };
		EA7F1B5D1E6BDCC5000AA6FE /* RecipePoster.swift */ = {isa = PBXFileReference; fileEncoding = 4; lastKnownFileType = sourcecode.swift; name = RecipePoster.swift; path = Recipe/RecipePoster.swift; sourceTree = "<group>"; };
		EA7F1B5E1E6BDCC5000AA6FE /* Recipe.swift */ = {isa = PBXFileReference; fileEncoding = 4; lastKnownFileType = sourcecode.swift; name = Recipe.swift; path = Recipe/Recipe.swift; sourceTree = "<group>"; };
		EA7F1B651E6BDCD6000AA6FE /* Poster.swift */ = {isa = PBXFileReference; fileEncoding = 4; lastKnownFileType = sourcecode.swift; name = Poster.swift; path = RecipeSearch/Poster.swift; sourceTree = "<group>"; };
		EA7F1B661E6BDCD6000AA6FE /* RecipeSearch.swift */ = {isa = PBXFileReference; fileEncoding = 4; lastKnownFileType = sourcecode.swift; name = RecipeSearch.swift; path = RecipeSearch/RecipeSearch.swift; sourceTree = "<group>"; };
		EA7F1B671E6BDCD6000AA6FE /* Results.swift */ = {isa = PBXFileReference; fileEncoding = 4; lastKnownFileType = sourcecode.swift; name = Results.swift; path = RecipeSearch/Results.swift; sourceTree = "<group>"; };
		EA7F1B6B1E6BDDB4000AA6FE /* Keys.plist */ = {isa = PBXFileReference; fileEncoding = 4; lastKnownFileType = text.plist.xml; path = Keys.plist; sourceTree = "<group>"; };
		EAE981EF1E6C387200062D35 /* SpeechToTextV1.framework */ = {isa = PBXFileReference; lastKnownFileType = wrapper.framework; name = SpeechToTextV1.framework; path = Carthage/Build/iOS/SpeechToTextV1.framework; sourceTree = "<group>"; };
		EAE981F91E6C3A7100062D35 /* SpeechToTextV1.framework */ = {isa = PBXFileReference; lastKnownFileType = wrapper.framework; name = SpeechToTextV1.framework; path = Carthage/Build/iOS/SpeechToTextV1.framework; sourceTree = "<group>"; };
		EAE982011E6C3AF200062D35 /* RestKit.framework */ = {isa = PBXFileReference; lastKnownFileType = wrapper.framework; name = RestKit.framework; path = Carthage/Build/iOS/RestKit.framework; sourceTree = "<group>"; };
		FCBD87B8805FA586201F66B6 /* Pods_SousChef.framework */ = {isa = PBXFileReference; explicitFileType = wrapper.framework; includeInIndex = 0; path = Pods_SousChef.framework; sourceTree = BUILT_PRODUCTS_DIR; };
/* End PBXFileReference section */

/* Begin PBXFrameworksBuildPhase section */
		C8D381781E6BBB7C008A7454 /* Frameworks */ = {
			isa = PBXFrameworksBuildPhase;
			buildActionMask = 2147483647;
			files = (
				F2FB0C5D50BBBBA75EDFA56C /* Pods_SousChef.framework in Frameworks */,
				EAE981FE1E6C3ACC00062D35 /* SpeechToTextV1.framework in Frameworks */,
				EAE982021E6C3AF200062D35 /* RestKit.framework in Frameworks */,
			);
			runOnlyForDeploymentPostprocessing = 0;
		};
/* End PBXFrameworksBuildPhase section */

/* Begin PBXGroup section */
		0B323561268298E0BE41BB17 /* Frameworks */ = {
			isa = PBXGroup;
			children = (
				EAE981EF1E6C387200062D35 /* SpeechToTextV1.framework */,
				EAE982011E6C3AF200062D35 /* RestKit.framework */,
				EAE981F91E6C3A7100062D35 /* SpeechToTextV1.framework */,
				FCBD87B8805FA586201F66B6 /* Pods_SousChef.framework */,
			);
			name = Frameworks;
			sourceTree = "<group>";
		};
		B8BF6E65E78F3CE36E929577 /* Pods */ = {
			isa = PBXGroup;
			children = (
				AAA6DBB8E0BCE6706C56CD59 /* Pods-SousChef.debug.xcconfig */,
				8DD8BDA184422948D0A00CFB /* Pods-SousChef.release.xcconfig */,
			);
			name = Pods;
			sourceTree = "<group>";
		};
		C8D381721E6BBB7C008A7454 = {
			isa = PBXGroup;
			children = (
				C8D3817D1E6BBB7D008A7454 /* SousChef */,
				C8D3817C1E6BBB7C008A7454 /* Products */,
				B8BF6E65E78F3CE36E929577 /* Pods */,
				0B323561268298E0BE41BB17 /* Frameworks */,
			);
			sourceTree = "<group>";
		};
		C8D3817C1E6BBB7C008A7454 /* Products */ = {
			isa = PBXGroup;
			children = (
				C8D3817B1E6BBB7C008A7454 /* SousChef.app */,
			);
			name = Products;
			sourceTree = "<group>";
		};
		C8D3817D1E6BBB7D008A7454 /* SousChef */ = {
			isa = PBXGroup;
			children = (
				EA7F1B641E6BDCCD000AA6FE /* RecipeSearch */,
				EA7F1B591E6BDCBD000AA6FE /* Recipe */,
				C8D3817E1E6BBB7D008A7454 /* AppDelegate.swift */,
				C8BB78E11E6BC106000DAA56 /* SplashViewController.swift */,
				EA7F1B271E6BC50A000AA6FE /* RecipeSearchViewController.swift */,
				C8BB78E51E6BC84C000DAA56 /* RecipeSearchResultsTableViewController.swift */,
				C8BB78E71E6BC867000DAA56 /* RecipeOverviewViewController.swift */,
				C8BB78E91E6BC87C000DAA56 /* RecipeStepsViewController.swift */,
				C8D381821E6BBB7D008A7454 /* Main.storyboard */,
				C8BB78EB1E6BEB27000DAA56 /* RecipeTableViewCell.swift */,
				C8D381851E6BBB7D008A7454 /* Assets.xcassets */,
				C8D381871E6BBB7D008A7454 /* LaunchScreen.storyboard */,
				C8D3818A1E6BBB7D008A7454 /* Info.plist */,
				EA7F1B6B1E6BDDB4000AA6FE /* Keys.plist */,
				C8BB78DF1E6BC09B000DAA56 /* Background.mp4 */,
			);
			path = SousChef;
			sourceTree = "<group>";
		};
		EA7F1B591E6BDCBD000AA6FE /* Recipe */ = {
			isa = PBXGroup;
			children = (
				EA7F1B5A1E6BDCC5000AA6FE /* IngredientInfo.swift */,
				EA7F1B5B1E6BDCC5000AA6FE /* Ingredients.swift */,
				EA7F1B5C1E6BDCC5000AA6FE /* NutritionInfo.swift */,
				EA7F1B5D1E6BDCC5000AA6FE /* RecipePoster.swift */,
				EA7F1B5E1E6BDCC5000AA6FE /* Recipe.swift */,
			);
			name = Recipe;
			sourceTree = "<group>";
		};
		EA7F1B641E6BDCCD000AA6FE /* RecipeSearch */ = {
			isa = PBXGroup;
			children = (
				EA7F1B651E6BDCD6000AA6FE /* Poster.swift */,
				EA7F1B661E6BDCD6000AA6FE /* RecipeSearch.swift */,
				EA7F1B671E6BDCD6000AA6FE /* Results.swift */,
			);
			name = RecipeSearch;
			sourceTree = "<group>";
		};
/* End PBXGroup section */

/* Begin PBXNativeTarget section */
		C8D3817A1E6BBB7C008A7454 /* SousChef */ = {
			isa = PBXNativeTarget;
			buildConfigurationList = C8D3818D1E6BBB7D008A7454 /* Build configuration list for PBXNativeTarget "SousChef" */;
			buildPhases = (
				14DD0C89EFCD38F47B3DDA26 /* [CP] Check Pods Manifest.lock */,
				C8D381771E6BBB7C008A7454 /* Sources */,
				C8D381781E6BBB7C008A7454 /* Frameworks */,
				C8D381791E6BBB7C008A7454 /* Resources */,
				E67849199E1348C648E3D0ED /* [CP] Embed Pods Frameworks */,
				9CB17428B37C07D5BCCD0448 /* [CP] Copy Pods Resources */,
				EAE982001E6C3ACD00062D35 /* Embed Frameworks */,
			);
			buildRules = (
			);
			dependencies = (
			);
			name = SousChef;
			productName = SousChef;
			productReference = C8D3817B1E6BBB7C008A7454 /* SousChef.app */;
			productType = "com.apple.product-type.application";
		};
/* End PBXNativeTarget section */

/* Begin PBXProject section */
		C8D381731E6BBB7C008A7454 /* Project object */ = {
			isa = PBXProject;
			attributes = {
				LastSwiftUpdateCheck = 0820;
				LastUpgradeCheck = 0820;
				ORGANIZATIONNAME = "Wilson Ding";
				TargetAttributes = {
					C8D3817A1E6BBB7C008A7454 = {
						CreatedOnToolsVersion = 8.2.1;
						DevelopmentTeam = VTH3535D42;
						ProvisioningStyle = Automatic;
					};
				};
			};
			buildConfigurationList = C8D381761E6BBB7C008A7454 /* Build configuration list for PBXProject "SousChef" */;
			compatibilityVersion = "Xcode 3.2";
			developmentRegion = English;
			hasScannedForEncodings = 0;
			knownRegions = (
				en,
				Base,
			);
			mainGroup = C8D381721E6BBB7C008A7454;
			productRefGroup = C8D3817C1E6BBB7C008A7454 /* Products */;
			projectDirPath = "";
			projectRoot = "";
			targets = (
				C8D3817A1E6BBB7C008A7454 /* SousChef */,
			);
		};
/* End PBXProject section */

/* Begin PBXResourcesBuildPhase section */
		C8D381791E6BBB7C008A7454 /* Resources */ = {
			isa = PBXResourcesBuildPhase;
			buildActionMask = 2147483647;
			files = (
				C8D381891E6BBB7D008A7454 /* LaunchScreen.storyboard in Resources */,
				C8D381861E6BBB7D008A7454 /* Assets.xcassets in Resources */,
				C8D381841E6BBB7D008A7454 /* Main.storyboard in Resources */,
				C8BB78E01E6BC09B000DAA56 /* Background.mp4 in Resources */,
				EA7F1B6C1E6BDDB4000AA6FE /* Keys.plist in Resources */,
			);
			runOnlyForDeploymentPostprocessing = 0;
		};
/* End PBXResourcesBuildPhase section */

/* Begin PBXShellScriptBuildPhase section */
		14DD0C89EFCD38F47B3DDA26 /* [CP] Check Pods Manifest.lock */ = {
			isa = PBXShellScriptBuildPhase;
			buildActionMask = 2147483647;
			files = (
			);
			inputPaths = (
			);
			name = "[CP] Check Pods Manifest.lock";
			outputPaths = (
			);
			runOnlyForDeploymentPostprocessing = 0;
			shellPath = /bin/sh;
			shellScript = "diff \"${PODS_ROOT}/../Podfile.lock\" \"${PODS_ROOT}/Manifest.lock\" > /dev/null\nif [ $? != 0 ] ; then\n    # print error to STDERR\n    echo \"error: The sandbox is not in sync with the Podfile.lock. Run 'pod install' or update your CocoaPods installation.\" >&2\n    exit 1\nfi\n";
			showEnvVarsInLog = 0;
		};
		9CB17428B37C07D5BCCD0448 /* [CP] Copy Pods Resources */ = {
			isa = PBXShellScriptBuildPhase;
			buildActionMask = 2147483647;
			files = (
			);
			inputPaths = (
			);
			name = "[CP] Copy Pods Resources";
			outputPaths = (
			);
			runOnlyForDeploymentPostprocessing = 0;
			shellPath = /bin/sh;
			shellScript = "\"${SRCROOT}/Pods/Target Support Files/Pods-SousChef/Pods-SousChef-resources.sh\"\n";
			showEnvVarsInLog = 0;
		};
		E67849199E1348C648E3D0ED /* [CP] Embed Pods Frameworks */ = {
			isa = PBXShellScriptBuildPhase;
			buildActionMask = 2147483647;
			files = (
			);
			inputPaths = (
			);
			name = "[CP] Embed Pods Frameworks";
			outputPaths = (
			);
			runOnlyForDeploymentPostprocessing = 0;
			shellPath = /bin/sh;
			shellScript = "\"${SRCROOT}/Pods/Target Support Files/Pods-SousChef/Pods-SousChef-frameworks.sh\"\n";
			showEnvVarsInLog = 0;
		};
/* End PBXShellScriptBuildPhase section */

/* Begin PBXSourcesBuildPhase section */
		C8D381771E6BBB7C008A7454 /* Sources */ = {
			isa = PBXSourcesBuildPhase;
			buildActionMask = 2147483647;
			files = (
				EA7F1B621E6BDCC5000AA6FE /* RecipePoster.swift in Sources */,
				EA7F1B601E6BDCC5000AA6FE /* Ingredients.swift in Sources */,
				C8BB78EA1E6BC87C000DAA56 /* RecipeStepsViewController.swift in Sources */,
				EA7F1B281E6BC50A000AA6FE /* RecipeSearchViewController.swift in Sources */,
				C8D3817F1E6BBB7D008A7454 /* AppDelegate.swift in Sources */,
				C8BB78E81E6BC867000DAA56 /* RecipeOverviewViewController.swift in Sources */,
				C8BB78EC1E6BEB27000DAA56 /* RecipeTableViewCell.swift in Sources */,
				EA7F1B5F1E6BDCC5000AA6FE /* IngredientInfo.swift in Sources */,
				EA7F1B611E6BDCC5000AA6FE /* NutritionInfo.swift in Sources */,
				EA7F1B691E6BDCD6000AA6FE /* RecipeSearch.swift in Sources */,
				EA7F1B681E6BDCD6000AA6FE /* Poster.swift in Sources */,
				EA7F1B6A1E6BDCD6000AA6FE /* Results.swift in Sources */,
				C8BB78E61E6BC84C000DAA56 /* RecipeSearchResultsTableViewController.swift in Sources */,
				C8BB78E21E6BC106000DAA56 /* SplashViewController.swift in Sources */,
				EA7F1B631E6BDCC5000AA6FE /* Recipe.swift in Sources */,
			);
			runOnlyForDeploymentPostprocessing = 0;
		};
/* End PBXSourcesBuildPhase section */

/* Begin PBXVariantGroup section */
		C8D381821E6BBB7D008A7454 /* Main.storyboard */ = {
			isa = PBXVariantGroup;
			children = (
				C8D381831E6BBB7D008A7454 /* Base */,
			);
			name = Main.storyboard;
			sourceTree = "<group>";
		};
		C8D381871E6BBB7D008A7454 /* LaunchScreen.storyboard */ = {
			isa = PBXVariantGroup;
			children = (
				C8D381881E6BBB7D008A7454 /* Base */,
			);
			name = LaunchScreen.storyboard;
			sourceTree = "<group>";
		};
/* End PBXVariantGroup section */

/* Begin XCBuildConfiguration section */
		C8D3818B1E6BBB7D008A7454 /* Debug */ = {
			isa = XCBuildConfiguration;
			buildSettings = {
				ALWAYS_SEARCH_USER_PATHS = NO;
				CLANG_ANALYZER_NONNULL = YES;
				CLANG_CXX_LANGUAGE_STANDARD = "gnu++0x";
				CLANG_CXX_LIBRARY = "libc++";
				CLANG_ENABLE_MODULES = YES;
				CLANG_ENABLE_OBJC_ARC = YES;
				CLANG_WARN_BOOL_CONVERSION = YES;
				CLANG_WARN_CONSTANT_CONVERSION = YES;
				CLANG_WARN_DIRECT_OBJC_ISA_USAGE = YES_ERROR;
				CLANG_WARN_DOCUMENTATION_COMMENTS = YES;
				CLANG_WARN_EMPTY_BODY = YES;
				CLANG_WARN_ENUM_CONVERSION = YES;
				CLANG_WARN_INFINITE_RECURSION = YES;
				CLANG_WARN_INT_CONVERSION = YES;
				CLANG_WARN_OBJC_ROOT_CLASS = YES_ERROR;
				CLANG_WARN_SUSPICIOUS_MOVE = YES;
				CLANG_WARN_UNREACHABLE_CODE = YES;
				CLANG_WARN__DUPLICATE_METHOD_MATCH = YES;
				"CODE_SIGN_IDENTITY[sdk=iphoneos*]" = "iPhone Developer";
				COPY_PHASE_STRIP = NO;
				DEBUG_INFORMATION_FORMAT = dwarf;
				ENABLE_STRICT_OBJC_MSGSEND = YES;
				ENABLE_TESTABILITY = YES;
				GCC_C_LANGUAGE_STANDARD = gnu99;
				GCC_DYNAMIC_NO_PIC = NO;
				GCC_NO_COMMON_BLOCKS = YES;
				GCC_OPTIMIZATION_LEVEL = 0;
				GCC_PREPROCESSOR_DEFINITIONS = (
					"DEBUG=1",
					"$(inherited)",
				);
				GCC_WARN_64_TO_32_BIT_CONVERSION = YES;
				GCC_WARN_ABOUT_RETURN_TYPE = YES_ERROR;
				GCC_WARN_UNDECLARED_SELECTOR = YES;
				GCC_WARN_UNINITIALIZED_AUTOS = YES_AGGRESSIVE;
				GCC_WARN_UNUSED_FUNCTION = YES;
				GCC_WARN_UNUSED_VARIABLE = YES;
				IPHONEOS_DEPLOYMENT_TARGET = 10.2;
				MTL_ENABLE_DEBUG_INFO = YES;
				ONLY_ACTIVE_ARCH = YES;
				SDKROOT = iphoneos;
				SWIFT_ACTIVE_COMPILATION_CONDITIONS = DEBUG;
				SWIFT_OPTIMIZATION_LEVEL = "-Onone";
			};
			name = Debug;
		};
		C8D3818C1E6BBB7D008A7454 /* Release */ = {
			isa = XCBuildConfiguration;
			buildSettings = {
				ALWAYS_SEARCH_USER_PATHS = NO;
				CLANG_ANALYZER_NONNULL = YES;
				CLANG_CXX_LANGUAGE_STANDARD = "gnu++0x";
				CLANG_CXX_LIBRARY = "libc++";
				CLANG_ENABLE_MODULES = YES;
				CLANG_ENABLE_OBJC_ARC = YES;
				CLANG_WARN_BOOL_CONVERSION = YES;
				CLANG_WARN_CONSTANT_CONVERSION = YES;
				CLANG_WARN_DIRECT_OBJC_ISA_USAGE = YES_ERROR;
				CLANG_WARN_DOCUMENTATION_COMMENTS = YES;
				CLANG_WARN_EMPTY_BODY = YES;
				CLANG_WARN_ENUM_CONVERSION = YES;
				CLANG_WARN_INFINITE_RECURSION = YES;
				CLANG_WARN_INT_CONVERSION = YES;
				CLANG_WARN_OBJC_ROOT_CLASS = YES_ERROR;
				CLANG_WARN_SUSPICIOUS_MOVE = YES;
				CLANG_WARN_UNREACHABLE_CODE = YES;
				CLANG_WARN__DUPLICATE_METHOD_MATCH = YES;
				"CODE_SIGN_IDENTITY[sdk=iphoneos*]" = "iPhone Developer";
				COPY_PHASE_STRIP = NO;
				DEBUG_INFORMATION_FORMAT = "dwarf-with-dsym";
				ENABLE_NS_ASSERTIONS = NO;
				ENABLE_STRICT_OBJC_MSGSEND = YES;
				GCC_C_LANGUAGE_STANDARD = gnu99;
				GCC_NO_COMMON_BLOCKS = YES;
				GCC_WARN_64_TO_32_BIT_CONVERSION = YES;
				GCC_WARN_ABOUT_RETURN_TYPE = YES_ERROR;
				GCC_WARN_UNDECLARED_SELECTOR = YES;
				GCC_WARN_UNINITIALIZED_AUTOS = YES_AGGRESSIVE;
				GCC_WARN_UNUSED_FUNCTION = YES;
				GCC_WARN_UNUSED_VARIABLE = YES;
				IPHONEOS_DEPLOYMENT_TARGET = 10.2;
				MTL_ENABLE_DEBUG_INFO = NO;
				SDKROOT = iphoneos;
				SWIFT_OPTIMIZATION_LEVEL = "-Owholemodule";
				VALIDATE_PRODUCT = YES;
			};
			name = Release;
		};
		C8D3818E1E6BBB7D008A7454 /* Debug */ = {
			isa = XCBuildConfiguration;
			baseConfigurationReference = AAA6DBB8E0BCE6706C56CD59 /* Pods-SousChef.debug.xcconfig */;
			buildSettings = {
				ASSETCATALOG_COMPILER_APPICON_NAME = AppIcon;
				DEVELOPMENT_TEAM = VTH3535D42;
				FRAMEWORK_SEARCH_PATHS = (
					"$(inherited)",
					"$(PROJECT_DIR)/Carthage/Build/iOS",
				);
				INFOPLIST_FILE = SousChef/Info.plist;
				LD_RUNPATH_SEARCH_PATHS = "$(inherited) @executable_path/Frameworks";
				"LD_RUNPATH_SEARCH_PATHS[arch=*]" = "$(inherited) @executable_path/Frameworks";
				PRODUCT_BUNDLE_IDENTIFIER = com.wilsonding.SousChef;
				PRODUCT_NAME = "$(TARGET_NAME)";
				SWIFT_VERSION = 3.0;
			};
			name = Debug;
		};
		C8D3818F1E6BBB7D008A7454 /* Release */ = {
			isa = XCBuildConfiguration;
			baseConfigurationReference = 8DD8BDA184422948D0A00CFB /* Pods-SousChef.release.xcconfig */;
			buildSettings = {
				ASSETCATALOG_COMPILER_APPICON_NAME = AppIcon;
				DEVELOPMENT_TEAM = VTH3535D42;
				FRAMEWORK_SEARCH_PATHS = (
					"$(inherited)",
					"$(PROJECT_DIR)/Carthage/Build/iOS",
				);
				INFOPLIST_FILE = SousChef/Info.plist;
				LD_RUNPATH_SEARCH_PATHS = "$(inherited) @executable_path/Frameworks";
				PRODUCT_BUNDLE_IDENTIFIER = com.wilsonding.SousChef;
				PRODUCT_NAME = "$(TARGET_NAME)";
				SWIFT_VERSION = 3.0;
			};
			name = Release;
		};
/* End XCBuildConfiguration section */

/* Begin XCConfigurationList section */
		C8D381761E6BBB7C008A7454 /* Build configuration list for PBXProject "SousChef" */ = {
			isa = XCConfigurationList;
			buildConfigurations = (
				C8D3818B1E6BBB7D008A7454 /* Debug */,
				C8D3818C1E6BBB7D008A7454 /* Release */,
			);
			defaultConfigurationIsVisible = 0;
			defaultConfigurationName = Release;
		};
		C8D3818D1E6BBB7D008A7454 /* Build configuration list for PBXNativeTarget "SousChef" */ = {
			isa = XCConfigurationList;
			buildConfigurations = (
				C8D3818E1E6BBB7D008A7454 /* Debug */,
				C8D3818F1E6BBB7D008A7454 /* Release */,
			);
			defaultConfigurationIsVisible = 0;
			defaultConfigurationName = Release;
		};
/* End XCConfigurationList section */
	};
	rootObject = C8D381731E6BBB7C008A7454 /* Project object */;
}
